// !$*UTF8*$!
{
	archiveVersion = 1;
	classes = {
	};
	objectVersion = 48;
	objects = {

/* Begin PBXBuildFile section */
		4A54EB822017716500E1F830 /* LCFontManager.m in Sources */ = {isa = PBXBuildFile; fileRef = 4A54EB812017716500E1F830 /* LCFontManager.m */; };
		4A634DCD2011FC2F004AE442 /* AppDelegate.swift in Sources */ = {isa = PBXBuildFile; fileRef = 4A634DCC2011FC2F004AE442 /* AppDelegate.swift */; };
		4A634DCF2011FC2F004AE442 /* ViewController.swift in Sources */ = {isa = PBXBuildFile; fileRef = 4A634DCE2011FC2F004AE442 /* ViewController.swift */; };
		4A634DD22011FC2F004AE442 /* Main.storyboard in Resources */ = {isa = PBXBuildFile; fileRef = 4A634DD02011FC2F004AE442 /* Main.storyboard */; };
		4A634DD42011FC2F004AE442 /* Assets.xcassets in Resources */ = {isa = PBXBuildFile; fileRef = 4A634DD32011FC2F004AE442 /* Assets.xcassets */; };
		4A634DD72011FC2F004AE442 /* LaunchScreen.storyboard in Resources */ = {isa = PBXBuildFile; fileRef = 4A634DD52011FC2F004AE442 /* LaunchScreen.storyboard */; };
		4A634DE22011FC2F004AE442 /* LCCopybookTests.swift in Sources */ = {isa = PBXBuildFile; fileRef = 4A634DE12011FC2F004AE442 /* LCCopybookTests.swift */; };
		4A634DED2011FC2F004AE442 /* LCCopybookUITests.swift in Sources */ = {isa = PBXBuildFile; fileRef = 4A634DEC2011FC2F004AE442 /* LCCopybookUITests.swift */; };
		4A634EAF20123386004AE442 /* LCCopybookCollectionCell.swift in Sources */ = {isa = PBXBuildFile; fileRef = 4A634EAE20123386004AE442 /* LCCopybookCollectionCell.swift */; };
		4A634EB120123398004AE442 /* LCCopybookCollectionVC.swift in Sources */ = {isa = PBXBuildFile; fileRef = 4A634EB020123398004AE442 /* LCCopybookCollectionVC.swift */; };
		4A634EB320123F89004AE442 /* LCCopybookFontManager.swift in Sources */ = {isa = PBXBuildFile; fileRef = 4A634EB220123F89004AE442 /* LCCopybookFontManager.swift */; };
		4A634EBC20160C3C004AE442 /* LCCopybookSettingVC.swift in Sources */ = {isa = PBXBuildFile; fileRef = 4A634EBB20160C3C004AE442 /* LCCopybookSettingVC.swift */; };
		4A634EC120161192004AE442 /* InfoPlist.strings in Resources */ = {isa = PBXBuildFile; fileRef = 4A634EC320161192004AE442 /* InfoPlist.strings */; };
		4A9A56BC2016230E00B6A2F1 /* LCCopybookFontVC.swift in Sources */ = {isa = PBXBuildFile; fileRef = 4A9A56BB2016230E00B6A2F1 /* LCCopybookFontVC.swift */; };
		4A9A56BE20162F3A00B6A2F1 /* LCCopybookControl.swift in Sources */ = {isa = PBXBuildFile; fileRef = 4A9A56BD20162F3A00B6A2F1 /* LCCopybookControl.swift */; };
		4A9A56C2201633EF00B6A2F1 /* LCCopybookSettingCell.swift in Sources */ = {isa = PBXBuildFile; fileRef = 4A9A56C1201633EF00B6A2F1 /* LCCopybookSettingCell.swift */; };
		4A9A56C420163F1900B6A2F1 /* LCCopybookContentVC.swift in Sources */ = {isa = PBXBuildFile; fileRef = 4A9A56C320163F1900B6A2F1 /* LCCopybookContentVC.swift */; };
		4A9A56C7201703F200B6A2F1 /* LCAlertView.swift in Sources */ = {isa = PBXBuildFile; fileRef = 4A9A56C6201703F200B6A2F1 /* LCAlertView.swift */; };
		4A9A56C92017040400B6A2F1 /* LCAlertViewExtensions.swift in Sources */ = {isa = PBXBuildFile; fileRef = 4A9A56C82017040400B6A2F1 /* LCAlertViewExtensions.swift */; };
		D71740659B0016C8FAB17E50 /* Pods_LCCopybook.framework in Frameworks */ = {isa = PBXBuildFile; fileRef = 7BEF8B95C565542089D7B3F9 /* Pods_LCCopybook.framework */; };
/* End PBXBuildFile section */

/* Begin PBXContainerItemProxy section */
		4A634DDE2011FC2F004AE442 /* PBXContainerItemProxy */ = {
			isa = PBXContainerItemProxy;
			containerPortal = 4A634DC12011FC2F004AE442 /* Project object */;
			proxyType = 1;
			remoteGlobalIDString = 4A634DC82011FC2F004AE442;
			remoteInfo = LCCopybook;
		};
		4A634DE92011FC2F004AE442 /* PBXContainerItemProxy */ = {
			isa = PBXContainerItemProxy;
			containerPortal = 4A634DC12011FC2F004AE442 /* Project object */;
			proxyType = 1;
			remoteGlobalIDString = 4A634DC82011FC2F004AE442;
			remoteInfo = LCCopybook;
		};
/* End PBXContainerItemProxy section */

/* Begin PBXFileReference section */
		13CDAD56AB7527F77B30D1C1 /* Pods-LCCopybook.debug.xcconfig */ = {isa = PBXFileReference; includeInIndex = 1; lastKnownFileType = text.xcconfig; name = "Pods-LCCopybook.debug.xcconfig"; path = "Pods/Target Support Files/Pods-LCCopybook/Pods-LCCopybook.debug.xcconfig"; sourceTree = "<group>"; };
		4A54EB802017716500E1F830 /* LCFontManager.h */ = {isa = PBXFileReference; fileEncoding = 4; lastKnownFileType = sourcecode.c.h; path = LCFontManager.h; sourceTree = "<group>"; };
		4A54EB812017716500E1F830 /* LCFontManager.m */ = {isa = PBXFileReference; fileEncoding = 4; lastKnownFileType = sourcecode.c.objc; path = LCFontManager.m; sourceTree = "<group>"; };
		4A634DC92011FC2F004AE442 /* LCCopybook.app */ = {isa = PBXFileReference; explicitFileType = wrapper.application; includeInIndex = 0; path = LCCopybook.app; sourceTree = BUILT_PRODUCTS_DIR; };
		4A634DCC2011FC2F004AE442 /* AppDelegate.swift */ = {isa = PBXFileReference; lastKnownFileType = sourcecode.swift; path = AppDelegate.swift; sourceTree = "<group>"; };
		4A634DCE2011FC2F004AE442 /* ViewController.swift */ = {isa = PBXFileReference; lastKnownFileType = sourcecode.swift; path = ViewController.swift; sourceTree = "<group>"; };
		4A634DD12011FC2F004AE442 /* Base */ = {isa = PBXFileReference; lastKnownFileType = file.storyboard; name = Base; path = Base.lproj/Main.storyboard; sourceTree = "<group>"; };
		4A634DD32011FC2F004AE442 /* Assets.xcassets */ = {isa = PBXFileReference; lastKnownFileType = folder.assetcatalog; path = Assets.xcassets; sourceTree = "<group>"; };
		4A634DD62011FC2F004AE442 /* Base */ = {isa = PBXFileReference; lastKnownFileType = file.storyboard; name = Base; path = Base.lproj/LaunchScreen.storyboard; sourceTree = "<group>"; };
		4A634DD82011FC2F004AE442 /* Info.plist */ = {isa = PBXFileReference; lastKnownFileType = text.plist.xml; path = Info.plist; sourceTree = "<group>"; };
		4A634DDD2011FC2F004AE442 /* LCCopybookTests.xctest */ = {isa = PBXFileReference; explicitFileType = wrapper.cfbundle; includeInIndex = 0; path = LCCopybookTests.xctest; sourceTree = BUILT_PRODUCTS_DIR; };
		4A634DE12011FC2F004AE442 /* LCCopybookTests.swift */ = {isa = PBXFileReference; lastKnownFileType = sourcecode.swift; path = LCCopybookTests.swift; sourceTree = "<group>"; };
		4A634DE32011FC2F004AE442 /* Info.plist */ = {isa = PBXFileReference; lastKnownFileType = text.plist.xml; path = Info.plist; sourceTree = "<group>"; };
		4A634DE82011FC2F004AE442 /* LCCopybookUITests.xctest */ = {isa = PBXFileReference; explicitFileType = wrapper.cfbundle; includeInIndex = 0; path = LCCopybookUITests.xctest; sourceTree = BUILT_PRODUCTS_DIR; };
		4A634DEC2011FC2F004AE442 /* LCCopybookUITests.swift */ = {isa = PBXFileReference; lastKnownFileType = sourcecode.swift; path = LCCopybookUITests.swift; sourceTree = "<group>"; };
		4A634DEE2011FC2F004AE442 /* Info.plist */ = {isa = PBXFileReference; lastKnownFileType = text.plist.xml; path = Info.plist; sourceTree = "<group>"; };
		4A634EAE20123386004AE442 /* LCCopybookCollectionCell.swift */ = {isa = PBXFileReference; lastKnownFileType = sourcecode.swift; path = LCCopybookCollectionCell.swift; sourceTree = "<group>"; };
		4A634EB020123398004AE442 /* LCCopybookCollectionVC.swift */ = {isa = PBXFileReference; lastKnownFileType = sourcecode.swift; path = LCCopybookCollectionVC.swift; sourceTree = "<group>"; };
		4A634EB220123F89004AE442 /* LCCopybookFontManager.swift */ = {isa = PBXFileReference; lastKnownFileType = sourcecode.swift; path = LCCopybookFontManager.swift; sourceTree = "<group>"; };
		4A634EB420124570004AE442 /* LCCopybook-Bridging-Header.h */ = {isa = PBXFileReference; lastKnownFileType = sourcecode.c.h; path = "LCCopybook-Bridging-Header.h"; sourceTree = "<group>"; };
		4A634EBB20160C3C004AE442 /* LCCopybookSettingVC.swift */ = {isa = PBXFileReference; lastKnownFileType = sourcecode.swift; path = LCCopybookSettingVC.swift; sourceTree = "<group>"; };
		4A634EBD201610BE004AE442 /* zh-Hans */ = {isa = PBXFileReference; lastKnownFileType = text.plist.strings; name = "zh-Hans"; path = "zh-Hans.lproj/Main.strings"; sourceTree = "<group>"; };
		4A634EBE201610BE004AE442 /* zh-Hans */ = {isa = PBXFileReference; lastKnownFileType = text.plist.strings; name = "zh-Hans"; path = "zh-Hans.lproj/LaunchScreen.strings"; sourceTree = "<group>"; };
		4A634EC220161192004AE442 /* zh-Hans */ = {isa = PBXFileReference; lastKnownFileType = text.plist.strings; name = "zh-Hans"; path = "zh-Hans.lproj/InfoPlist.strings"; sourceTree = "<group>"; };
		4A634EC42016119D004AE442 /* en */ = {isa = PBXFileReference; lastKnownFileType = text.plist.strings; name = en; path = en.lproj/InfoPlist.strings; sourceTree = "<group>"; };
		4A9A56BB2016230E00B6A2F1 /* LCCopybookFontVC.swift */ = {isa = PBXFileReference; lastKnownFileType = sourcecode.swift; path = LCCopybookFontVC.swift; sourceTree = "<group>"; };
		4A9A56BD20162F3A00B6A2F1 /* LCCopybookControl.swift */ = {isa = PBXFileReference; lastKnownFileType = sourcecode.swift; path = LCCopybookControl.swift; sourceTree = "<group>"; };
		4A9A56C1201633EF00B6A2F1 /* LCCopybookSettingCell.swift */ = {isa = PBXFileReference; lastKnownFileType = sourcecode.swift; path = LCCopybookSettingCell.swift; sourceTree = "<group>"; };
		4A9A56C320163F1900B6A2F1 /* LCCopybookContentVC.swift */ = {isa = PBXFileReference; lastKnownFileType = sourcecode.swift; path = LCCopybookContentVC.swift; sourceTree = "<group>"; };
		4A9A56C6201703F200B6A2F1 /* LCAlertView.swift */ = {isa = PBXFileReference; lastKnownFileType = sourcecode.swift; path = LCAlertView.swift; sourceTree = "<group>"; };
		4A9A56C82017040400B6A2F1 /* LCAlertViewExtensions.swift */ = {isa = PBXFileReference; lastKnownFileType = sourcecode.swift; path = LCAlertViewExtensions.swift; sourceTree = "<group>"; };
		7BEF8B95C565542089D7B3F9 /* Pods_LCCopybook.framework */ = {isa = PBXFileReference; explicitFileType = wrapper.framework; includeInIndex = 0; path = Pods_LCCopybook.framework; sourceTree = BUILT_PRODUCTS_DIR; };
		B3ACC4C436024DA7BDE4EAAD /* Pods-LCCopybook.release.xcconfig */ = {isa = PBXFileReference; includeInIndex = 1; lastKnownFileType = text.xcconfig; name = "Pods-LCCopybook.release.xcconfig"; path = "Pods/Target Support Files/Pods-LCCopybook/Pods-LCCopybook.release.xcconfig"; sourceTree = "<group>"; };
/* End PBXFileReference section */

/* Begin PBXFrameworksBuildPhase section */
		4A634DC62011FC2F004AE442 /* Frameworks */ = {
			isa = PBXFrameworksBuildPhase;
			buildActionMask = 2147483647;
			files = (
				D71740659B0016C8FAB17E50 /* Pods_LCCopybook.framework in Frameworks */,
			);
			runOnlyForDeploymentPostprocessing = 0;
		};
		4A634DDA2011FC2F004AE442 /* Frameworks */ = {
			isa = PBXFrameworksBuildPhase;
			buildActionMask = 2147483647;
			files = (
			);
			runOnlyForDeploymentPostprocessing = 0;
		};
		4A634DE52011FC2F004AE442 /* Frameworks */ = {
			isa = PBXFrameworksBuildPhase;
			buildActionMask = 2147483647;
			files = (
			);
			runOnlyForDeploymentPostprocessing = 0;
		};
/* End PBXFrameworksBuildPhase section */

/* Begin PBXGroup section */
		20CC2294EAA233448B46F14E /* Pods */ = {
			isa = PBXGroup;
			children = (
				13CDAD56AB7527F77B30D1C1 /* Pods-LCCopybook.debug.xcconfig */,
				B3ACC4C436024DA7BDE4EAAD /* Pods-LCCopybook.release.xcconfig */,
			);
			name = Pods;
			sourceTree = "<group>";
		};
		4A54EB7F2017716500E1F830 /* LCFontManager */ = {
			isa = PBXGroup;
			children = (
				4A54EB802017716500E1F830 /* LCFontManager.h */,
				4A54EB812017716500E1F830 /* LCFontManager.m */,
			);
			path = LCFontManager;
			sourceTree = "<group>";
		};
		4A634DC02011FC2F004AE442 = {
			isa = PBXGroup;
			children = (
				4A54EB7F2017716500E1F830 /* LCFontManager */,
				4A634DCB2011FC2F004AE442 /* LCCopybook */,
				4A634DE02011FC2F004AE442 /* LCCopybookTests */,
				4A634DEB2011FC2F004AE442 /* LCCopybookUITests */,
				4A634DCA2011FC2F004AE442 /* Products */,
				20CC2294EAA233448B46F14E /* Pods */,
				F07E61679DB4E10EDA3E10B2 /* Frameworks */,
			);
			sourceTree = "<group>";
		};
		4A634DCA2011FC2F004AE442 /* Products */ = {
			isa = PBXGroup;
			children = (
				4A634DC92011FC2F004AE442 /* LCCopybook.app */,
				4A634DDD2011FC2F004AE442 /* LCCopybookTests.xctest */,
				4A634DE82011FC2F004AE442 /* LCCopybookUITests.xctest */,
			);
			name = Products;
			sourceTree = "<group>";
		};
		4A634DCB2011FC2F004AE442 /* LCCopybook */ = {
			isa = PBXGroup;
			children = (
				4A634DCC2011FC2F004AE442 /* AppDelegate.swift */,
				4A634DCE2011FC2F004AE442 /* ViewController.swift */,
				4A634EB220123F89004AE442 /* LCCopybookFontManager.swift */,
				4A634EAE20123386004AE442 /* LCCopybookCollectionCell.swift */,
				4A634EB020123398004AE442 /* LCCopybookCollectionVC.swift */,
				4A9A56C1201633EF00B6A2F1 /* LCCopybookSettingCell.swift */,
				4A634EBB20160C3C004AE442 /* LCCopybookSettingVC.swift */,
				4A9A56BB2016230E00B6A2F1 /* LCCopybookFontVC.swift */,
				4A9A56C320163F1900B6A2F1 /* LCCopybookContentVC.swift */,
				4A9A56BD20162F3A00B6A2F1 /* LCCopybookControl.swift */,
				4A9A56C6201703F200B6A2F1 /* LCAlertView.swift */,
				4A9A56C82017040400B6A2F1 /* LCAlertViewExtensions.swift */,
				4A634DD02011FC2F004AE442 /* Main.storyboard */,
				4A634DD32011FC2F004AE442 /* Assets.xcassets */,
				4A634DD52011FC2F004AE442 /* LaunchScreen.storyboard */,
				4A634DD82011FC2F004AE442 /* Info.plist */,
				4A634EC320161192004AE442 /* InfoPlist.strings */,
				4A634EB420124570004AE442 /* LCCopybook-Bridging-Header.h */,
			);
			path = LCCopybook;
			sourceTree = "<group>";
		};
		4A634DE02011FC2F004AE442 /* LCCopybookTests */ = {
			isa = PBXGroup;
			children = (
				4A634DE12011FC2F004AE442 /* LCCopybookTests.swift */,
				4A634DE32011FC2F004AE442 /* Info.plist */,
			);
			path = LCCopybookTests;
			sourceTree = "<group>";
		};
		4A634DEB2011FC2F004AE442 /* LCCopybookUITests */ = {
			isa = PBXGroup;
			children = (
				4A634DEC2011FC2F004AE442 /* LCCopybookUITests.swift */,
				4A634DEE2011FC2F004AE442 /* Info.plist */,
			);
			path = LCCopybookUITests;
			sourceTree = "<group>";
		};
		F07E61679DB4E10EDA3E10B2 /* Frameworks */ = {
			isa = PBXGroup;
			children = (
				7BEF8B95C565542089D7B3F9 /* Pods_LCCopybook.framework */,
			);
			name = Frameworks;
			sourceTree = "<group>";
		};
/* End PBXGroup section */

/* Begin PBXNativeTarget section */
		4A634DC82011FC2F004AE442 /* LCCopybook */ = {
			isa = PBXNativeTarget;
			buildConfigurationList = 4A634DF12011FC2F004AE442 /* Build configuration list for PBXNativeTarget "LCCopybook" */;
			buildPhases = (
				2F2411EBB3057450E3299D3F /* [CP] Check Pods Manifest.lock */,
				4A634DC52011FC2F004AE442 /* Sources */,
				4A634DC62011FC2F004AE442 /* Frameworks */,
				4A634DC72011FC2F004AE442 /* Resources */,
				D3504B6705C36E286D7D1E5B /* [CP] Embed Pods Frameworks */,
				D012EBC98EF410B8F1129C13 /* [CP] Copy Pods Resources */,
			);
			buildRules = (
			);
			dependencies = (
			);
			name = LCCopybook;
			productName = LCCopybook;
			productReference = 4A634DC92011FC2F004AE442 /* LCCopybook.app */;
			productType = "com.apple.product-type.application";
		};
		4A634DDC2011FC2F004AE442 /* LCCopybookTests */ = {
			isa = PBXNativeTarget;
			buildConfigurationList = 4A634DF42011FC2F004AE442 /* Build configuration list for PBXNativeTarget "LCCopybookTests" */;
			buildPhases = (
				4A634DD92011FC2F004AE442 /* Sources */,
				4A634DDA2011FC2F004AE442 /* Frameworks */,
				4A634DDB2011FC2F004AE442 /* Resources */,
			);
			buildRules = (
			);
			dependencies = (
				4A634DDF2011FC2F004AE442 /* PBXTargetDependency */,
			);
			name = LCCopybookTests;
			productName = LCCopybookTests;
			productReference = 4A634DDD2011FC2F004AE442 /* LCCopybookTests.xctest */;
			productType = "com.apple.product-type.bundle.unit-test";
		};
		4A634DE72011FC2F004AE442 /* LCCopybookUITests */ = {
			isa = PBXNativeTarget;
			buildConfigurationList = 4A634DF72011FC2F004AE442 /* Build configuration list for PBXNativeTarget "LCCopybookUITests" */;
			buildPhases = (
				4A634DE42011FC2F004AE442 /* Sources */,
				4A634DE52011FC2F004AE442 /* Frameworks */,
				4A634DE62011FC2F004AE442 /* Resources */,
			);
			buildRules = (
			);
			dependencies = (
				4A634DEA2011FC2F004AE442 /* PBXTargetDependency */,
			);
			name = LCCopybookUITests;
			productName = LCCopybookUITests;
			productReference = 4A634DE82011FC2F004AE442 /* LCCopybookUITests.xctest */;
			productType = "com.apple.product-type.bundle.ui-testing";
		};
/* End PBXNativeTarget section */

/* Begin PBXProject section */
		4A634DC12011FC2F004AE442 /* Project object */ = {
			isa = PBXProject;
			attributes = {
				LastSwiftUpdateCheck = 0920;
				LastUpgradeCheck = 0920;
				ORGANIZATIONNAME = "http://www.cnblogs.com/saytome/";
				TargetAttributes = {
					4A634DC82011FC2F004AE442 = {
						CreatedOnToolsVersion = 9.2;
						LastSwiftMigration = 0920;
						ProvisioningStyle = Automatic;
					};
					4A634DDC2011FC2F004AE442 = {
						CreatedOnToolsVersion = 9.2;
						ProvisioningStyle = Automatic;
						TestTargetID = 4A634DC82011FC2F004AE442;
					};
					4A634DE72011FC2F004AE442 = {
						CreatedOnToolsVersion = 9.2;
						ProvisioningStyle = Automatic;
						TestTargetID = 4A634DC82011FC2F004AE442;
					};
				};
			};
			buildConfigurationList = 4A634DC42011FC2F004AE442 /* Build configuration list for PBXProject "LCCopybook" */;
			compatibilityVersion = "Xcode 8.0";
			developmentRegion = en;
			hasScannedForEncodings = 0;
			knownRegions = (
				en,
				Base,
			);
			mainGroup = 4A634DC02011FC2F004AE442;
			productRefGroup = 4A634DCA2011FC2F004AE442 /* Products */;
			projectDirPath = "";
			projectRoot = "";
			targets = (
				4A634DC82011FC2F004AE442 /* LCCopybook */,
				4A634DDC2011FC2F004AE442 /* LCCopybookTests */,
				4A634DE72011FC2F004AE442 /* LCCopybookUITests */,
			);
		};
/* End PBXProject section */

/* Begin PBXResourcesBuildPhase section */
		4A634DC72011FC2F004AE442 /* Resources */ = {
			isa = PBXResourcesBuildPhase;
			buildActionMask = 2147483647;
			files = (
				4A634DD72011FC2F004AE442 /* LaunchScreen.storyboard in Resources */,
				4A634EC120161192004AE442 /* InfoPlist.strings in Resources */,
				4A634DD42011FC2F004AE442 /* Assets.xcassets in Resources */,
				4A634DD22011FC2F004AE442 /* Main.storyboard in Resources */,
			);
			runOnlyForDeploymentPostprocessing = 0;
		};
		4A634DDB2011FC2F004AE442 /* Resources */ = {
			isa = PBXResourcesBuildPhase;
			buildActionMask = 2147483647;
			files = (
			);
			runOnlyForDeploymentPostprocessing = 0;
		};
		4A634DE62011FC2F004AE442 /* Resources */ = {
			isa = PBXResourcesBuildPhase;
			buildActionMask = 2147483647;
			files = (
			);
			runOnlyForDeploymentPostprocessing = 0;
		};
/* End PBXResourcesBuildPhase section */

/* Begin PBXShellScriptBuildPhase section */
		2F2411EBB3057450E3299D3F /* [CP] Check Pods Manifest.lock */ = {
			isa = PBXShellScriptBuildPhase;
			buildActionMask = 2147483647;
			files = (
			);
			inputPaths = (
				"${PODS_PODFILE_DIR_PATH}/Podfile.lock",
				"${PODS_ROOT}/Manifest.lock",
			);
			name = "[CP] Check Pods Manifest.lock";
			outputPaths = (
				"$(DERIVED_FILE_DIR)/Pods-LCCopybook-checkManifestLockResult.txt",
			);
			runOnlyForDeploymentPostprocessing = 0;
			shellPath = /bin/sh;
			shellScript = "diff \"${PODS_PODFILE_DIR_PATH}/Podfile.lock\" \"${PODS_ROOT}/Manifest.lock\" > /dev/null\nif [ $? != 0 ] ; then\n    # print error to STDERR\n    echo \"error: The sandbox is not in sync with the Podfile.lock. Run 'pod install' or update your CocoaPods installation.\" >&2\n    exit 1\nfi\n# This output is used by Xcode 'outputs' to avoid re-running this script phase.\necho \"SUCCESS\" > \"${SCRIPT_OUTPUT_FILE_0}\"\n";
			showEnvVarsInLog = 0;
		};
		D012EBC98EF410B8F1129C13 /* [CP] Copy Pods Resources */ = {
			isa = PBXShellScriptBuildPhase;
			buildActionMask = 2147483647;
			files = (
			);
			inputPaths = (
			);
			name = "[CP] Copy Pods Resources";
			outputPaths = (
			);
			runOnlyForDeploymentPostprocessing = 0;
			shellPath = /bin/sh;
			shellScript = "\"${SRCROOT}/Pods/Target Support Files/Pods-LCCopybook/Pods-LCCopybook-resources.sh\"\n";
			showEnvVarsInLog = 0;
		};
		D3504B6705C36E286D7D1E5B /* [CP] Embed Pods Frameworks */ = {
			isa = PBXShellScriptBuildPhase;
			buildActionMask = 2147483647;
			files = (
			);
			inputPaths = (
				"${SRCROOT}/Pods/Target Support Files/Pods-LCCopybook/Pods-LCCopybook-frameworks.sh",
				"${BUILT_PRODUCTS_DIR}/Alamofire/Alamofire.framework",
				"${BUILT_PRODUCTS_DIR}/AsyncDisplayKit/AsyncDisplayKit.framework",
				"${BUILT_PRODUCTS_DIR}/Moya/Moya.framework",
				"${BUILT_PRODUCTS_DIR}/PINCache/PINCache.framework",
				"${BUILT_PRODUCTS_DIR}/PINOperation/PINOperation.framework",
				"${BUILT_PRODUCTS_DIR}/PINRemoteImage/PINRemoteImage.framework",
				"${BUILT_PRODUCTS_DIR}/Result/Result.framework",
				"${BUILT_PRODUCTS_DIR}/RxSwift/RxSwift.framework",
				"${BUILT_PRODUCTS_DIR}/SnapKit/SnapKit.framework",
				"${BUILT_PRODUCTS_DIR}/YYKit/YYKit.framework",
			);
			name = "[CP] Embed Pods Frameworks";
			outputPaths = (
				"${TARGET_BUILD_DIR}/${FRAMEWORKS_FOLDER_PATH}/Alamofire.framework",
				"${TARGET_BUILD_DIR}/${FRAMEWORKS_FOLDER_PATH}/AsyncDisplayKit.framework",
				"${TARGET_BUILD_DIR}/${FRAMEWORKS_FOLDER_PATH}/Moya.framework",
				"${TARGET_BUILD_DIR}/${FRAMEWORKS_FOLDER_PATH}/PINCache.framework",
				"${TARGET_BUILD_DIR}/${FRAMEWORKS_FOLDER_PATH}/PINOperation.framework",
				"${TARGET_BUILD_DIR}/${FRAMEWORKS_FOLDER_PATH}/PINRemoteImage.framework",
				"${TARGET_BUILD_DIR}/${FRAMEWORKS_FOLDER_PATH}/Result.framework",
				"${TARGET_BUILD_DIR}/${FRAMEWORKS_FOLDER_PATH}/RxSwift.framework",
				"${TARGET_BUILD_DIR}/${FRAMEWORKS_FOLDER_PATH}/SnapKit.framework",
				"${TARGET_BUILD_DIR}/${FRAMEWORKS_FOLDER_PATH}/YYKit.framework",
			);
			runOnlyForDeploymentPostprocessing = 0;
			shellPath = /bin/sh;
			shellScript = "\"${SRCROOT}/Pods/Target Support Files/Pods-LCCopybook/Pods-LCCopybook-frameworks.sh\"\n";
			showEnvVarsInLog = 0;
		};
/* End PBXShellScriptBuildPhase section */

/* Begin PBXSourcesBuildPhase section */
		4A634DC52011FC2F004AE442 /* Sources */ = {
			isa = PBXSourcesBuildPhase;
			buildActionMask = 2147483647;
			files = (
				4A634EB120123398004AE442 /* LCCopybookCollectionVC.swift in Sources */,
				4A9A56C2201633EF00B6A2F1 /* LCCopybookSettingCell.swift in Sources */,
				4A54EB822017716500E1F830 /* LCFontManager.m in Sources */,
				4A9A56C420163F1900B6A2F1 /* LCCopybookContentVC.swift in Sources */,
				4A634EB320123F89004AE442 /* LCCopybookFontManager.swift in Sources */,
				4A634DCF2011FC2F004AE442 /* ViewController.swift in Sources */,
				4A634EAF20123386004AE442 /* LCCopybookCollectionCell.swift in Sources */,
				4A9A56BC2016230E00B6A2F1 /* LCCopybookFontVC.swift in Sources */,
				4A634EBC20160C3C004AE442 /* LCCopybookSettingVC.swift in Sources */,
				4A634DCD2011FC2F004AE442 /* AppDelegate.swift in Sources */,
				4A9A56C92017040400B6A2F1 /* LCAlertViewExtensions.swift in Sources */,
				4A9A56C7201703F200B6A2F1 /* LCAlertView.swift in Sources */,
				4A9A56BE20162F3A00B6A2F1 /* LCCopybookControl.swift in Sources */,
			);
			runOnlyForDeploymentPostprocessing = 0;
		};
		4A634DD92011FC2F004AE442 /* Sources */ = {
			isa = PBXSourcesBuildPhase;
			buildActionMask = 2147483647;
			files = (
				4A634DE22011FC2F004AE442 /* LCCopybookTests.swift in Sources */,
			);
			runOnlyForDeploymentPostprocessing = 0;
		};
		4A634DE42011FC2F004AE442 /* Sources */ = {
			isa = PBXSourcesBuildPhase;
			buildActionMask = 2147483647;
			files = (
				4A634DED2011FC2F004AE442 /* LCCopybookUITests.swift in Sources */,
			);
			runOnlyForDeploymentPostprocessing = 0;
		};
/* End PBXSourcesBuildPhase section */

/* Begin PBXTargetDependency section */
		4A634DDF2011FC2F004AE442 /* PBXTargetDependency */ = {
			isa = PBXTargetDependency;
			target = 4A634DC82011FC2F004AE442 /* LCCopybook */;
			targetProxy = 4A634DDE2011FC2F004AE442 /* PBXContainerItemProxy */;
		};
		4A634DEA2011FC2F004AE442 /* PBXTargetDependency */ = {
			isa = PBXTargetDependency;
			target = 4A634DC82011FC2F004AE442 /* LCCopybook */;
			targetProxy = 4A634DE92011FC2F004AE442 /* PBXContainerItemProxy */;
		};
/* End PBXTargetDependency section */

/* Begin PBXVariantGroup section */
		4A634DD02011FC2F004AE442 /* Main.storyboard */ = {
			isa = PBXVariantGroup;
			children = (
				4A634DD12011FC2F004AE442 /* Base */,
				4A634EBD201610BE004AE442 /* zh-Hans */,
			);
			name = Main.storyboard;
			sourceTree = "<group>";
		};
		4A634DD52011FC2F004AE442 /* LaunchScreen.storyboard */ = {
			isa = PBXVariantGroup;
			children = (
				4A634DD62011FC2F004AE442 /* Base */,
				4A634EBE201610BE004AE442 /* zh-Hans */,
			);
			name = LaunchScreen.storyboard;
			sourceTree = "<group>";
		};
		4A634EC320161192004AE442 /* InfoPlist.strings */ = {
			isa = PBXVariantGroup;
			children = (
				4A634EC220161192004AE442 /* zh-Hans */,
				4A634EC42016119D004AE442 /* en */,
			);
			name = InfoPlist.strings;
			sourceTree = "<group>";
		};
/* End PBXVariantGroup section */

/* Begin XCBuildConfiguration section */
		4A634DEF2011FC2F004AE442 /* Debug */ = {
			isa = XCBuildConfiguration;
			buildSettings = {
				ALWAYS_SEARCH_USER_PATHS = NO;
				CLANG_ANALYZER_LOCALIZABILITY_NONLOCALIZED = YES;
				CLANG_ANALYZER_NONNULL = YES;
				CLANG_ANALYZER_NUMBER_OBJECT_CONVERSION = YES_AGGRESSIVE;
				CLANG_CXX_LANGUAGE_STANDARD = "gnu++14";
				CLANG_CXX_LIBRARY = "libc++";
				CLANG_ENABLE_MODULES = YES;
				CLANG_ENABLE_OBJC_ARC = YES;
				CLANG_WARN_BLOCK_CAPTURE_AUTORELEASING = YES;
				CLANG_WARN_BOOL_CONVERSION = YES;
				CLANG_WARN_COMMA = YES;
				CLANG_WARN_CONSTANT_CONVERSION = YES;
				CLANG_WARN_DIRECT_OBJC_ISA_USAGE = YES_ERROR;
				CLANG_WARN_DOCUMENTATION_COMMENTS = YES;
				CLANG_WARN_EMPTY_BODY = YES;
				CLANG_WARN_ENUM_CONVERSION = YES;
				CLANG_WARN_INFINITE_RECURSION = YES;
				CLANG_WARN_INT_CONVERSION = YES;
				CLANG_WARN_NON_LITERAL_NULL_CONVERSION = YES;
				CLANG_WARN_OBJC_LITERAL_CONVERSION = YES;
				CLANG_WARN_OBJC_ROOT_CLASS = YES_ERROR;
				CLANG_WARN_RANGE_LOOP_ANALYSIS = YES;
				CLANG_WARN_STRICT_PROTOTYPES = YES;
				CLANG_WARN_SUSPICIOUS_MOVE = YES;
				CLANG_WARN_UNGUARDED_AVAILABILITY = YES_AGGRESSIVE;
				CLANG_WARN_UNREACHABLE_CODE = YES;
				CLANG_WARN__DUPLICATE_METHOD_MATCH = YES;
				CODE_SIGN_IDENTITY = "iPhone Developer";
				COPY_PHASE_STRIP = NO;
				DEBUG_INFORMATION_FORMAT = dwarf;
				ENABLE_STRICT_OBJC_MSGSEND = YES;
				ENABLE_TESTABILITY = YES;
				GCC_C_LANGUAGE_STANDARD = gnu11;
				GCC_DYNAMIC_NO_PIC = NO;
				GCC_NO_COMMON_BLOCKS = YES;
				GCC_OPTIMIZATION_LEVEL = 0;
				GCC_PREPROCESSOR_DEFINITIONS = (
					"DEBUG=1",
					"$(inherited)",
				);
				GCC_WARN_64_TO_32_BIT_CONVERSION = YES;
				GCC_WARN_ABOUT_RETURN_TYPE = YES_ERROR;
				GCC_WARN_UNDECLARED_SELECTOR = YES;
				GCC_WARN_UNINITIALIZED_AUTOS = YES_AGGRESSIVE;
				GCC_WARN_UNUSED_FUNCTION = YES;
				GCC_WARN_UNUSED_VARIABLE = YES;
				IPHONEOS_DEPLOYMENT_TARGET = 11.2;
				MTL_ENABLE_DEBUG_INFO = YES;
				ONLY_ACTIVE_ARCH = YES;
				SDKROOT = iphoneos;
				SWIFT_ACTIVE_COMPILATION_CONDITIONS = DEBUG;
				SWIFT_OPTIMIZATION_LEVEL = "-Onone";
			};
			name = Debug;
		};
		4A634DF02011FC2F004AE442 /* Release */ = {
			isa = XCBuildConfiguration;
			buildSettings = {
				ALWAYS_SEARCH_USER_PATHS = NO;
				CLANG_ANALYZER_LOCALIZABILITY_NONLOCALIZED = YES;
				CLANG_ANALYZER_NONNULL = YES;
				CLANG_ANALYZER_NUMBER_OBJECT_CONVERSION = YES_AGGRESSIVE;
				CLANG_CXX_LANGUAGE_STANDARD = "gnu++14";
				CLANG_CXX_LIBRARY = "libc++";
				CLANG_ENABLE_MODULES = YES;
				CLANG_ENABLE_OBJC_ARC = YES;
				CLANG_WARN_BLOCK_CAPTURE_AUTORELEASING = YES;
				CLANG_WARN_BOOL_CONVERSION = YES;
				CLANG_WARN_COMMA = YES;
				CLANG_WARN_CONSTANT_CONVERSION = YES;
				CLANG_WARN_DIRECT_OBJC_ISA_USAGE = YES_ERROR;
				CLANG_WARN_DOCUMENTATION_COMMENTS = YES;
				CLANG_WARN_EMPTY_BODY = YES;
				CLANG_WARN_ENUM_CONVERSION = YES;
				CLANG_WARN_INFINITE_RECURSION = YES;
				CLANG_WARN_INT_CONVERSION = YES;
				CLANG_WARN_NON_LITERAL_NULL_CONVERSION = YES;
				CLANG_WARN_OBJC_LITERAL_CONVERSION = YES;
				CLANG_WARN_OBJC_ROOT_CLASS = YES_ERROR;
				CLANG_WARN_RANGE_LOOP_ANALYSIS = YES;
				CLANG_WARN_STRICT_PROTOTYPES = YES;
				CLANG_WARN_SUSPICIOUS_MOVE = YES;
				CLANG_WARN_UNGUARDED_AVAILABILITY = YES_AGGRESSIVE;
				CLANG_WARN_UNREACHABLE_CODE = YES;
				CLANG_WARN__DUPLICATE_METHOD_MATCH = YES;
				CODE_SIGN_IDENTITY = "iPhone Developer";
				COPY_PHASE_STRIP = NO;
				DEBUG_INFORMATION_FORMAT = "dwarf-with-dsym";
				ENABLE_NS_ASSERTIONS = NO;
				ENABLE_STRICT_OBJC_MSGSEND = YES;
				GCC_C_LANGUAGE_STANDARD = gnu11;
				GCC_NO_COMMON_BLOCKS = YES;
				GCC_WARN_64_TO_32_BIT_CONVERSION = YES;
				GCC_WARN_ABOUT_RETURN_TYPE = YES_ERROR;
				GCC_WARN_UNDECLARED_SELECTOR = YES;
				GCC_WARN_UNINITIALIZED_AUTOS = YES_AGGRESSIVE;
				GCC_WARN_UNUSED_FUNCTION = YES;
				GCC_WARN_UNUSED_VARIABLE = YES;
				IPHONEOS_DEPLOYMENT_TARGET = 11.2;
				MTL_ENABLE_DEBUG_INFO = NO;
				SDKROOT = iphoneos;
				SWIFT_OPTIMIZATION_LEVEL = "-Owholemodule";
				VALIDATE_PRODUCT = YES;
			};
			name = Release;
		};
		4A634DF22011FC2F004AE442 /* Debug */ = {
			isa = XCBuildConfiguration;
			baseConfigurationReference = 13CDAD56AB7527F77B30D1C1 /* Pods-LCCopybook.debug.xcconfig */;
			buildSettings = {
				ASSETCATALOG_COMPILER_APPICON_NAME = AppIcon;
				CLANG_ENABLE_MODULES = YES;
				CODE_SIGN_STYLE = Automatic;
				DEVELOPMENT_TEAM = VK9XVA25GP;
				INFOPLIST_FILE = LCCopybook/Info.plist;
				IPHONEOS_DEPLOYMENT_TARGET = 9.0;
				LD_RUNPATH_SEARCH_PATHS = "$(inherited) @executable_path/Frameworks";
				PRODUCT_BUNDLE_IDENTIFIER = com.lc.iremark.LCCopybook;
				PRODUCT_NAME = "$(TARGET_NAME)";
				SWIFT_OBJC_BRIDGING_HEADER = "LCCopybook/LCCopybook-Bridging-Header.h";
				SWIFT_OPTIMIZATION_LEVEL = "-Onone";
				SWIFT_VERSION = 4.0;
				TARGETED_DEVICE_FAMILY = "1,2";
			};
			name = Debug;
		};
		4A634DF32011FC2F004AE442 /* Release */ = {
			isa = XCBuildConfiguration;
			baseConfigurationReference = B3ACC4C436024DA7BDE4EAAD /* Pods-LCCopybook.release.xcconfig */;
			buildSettings = {
				ASSETCATALOG_COMPILER_APPICON_NAME = AppIcon;
				CLANG_ENABLE_MODULES = YES;
				CODE_SIGN_STYLE = Automatic;
				DEVELOPMENT_TEAM = VK9XVA25GP;
				INFOPLIST_FILE = LCCopybook/Info.plist;
				IPHONEOS_DEPLOYMENT_TARGET = 9.0;
				LD_RUNPATH_SEARCH_PATHS = "$(inherited) @executable_path/Frameworks";
				PRODUCT_BUNDLE_IDENTIFIER = com.lc.iremark.LCCopybook;
				PRODUCT_NAME = "$(TARGET_NAME)";
				SWIFT_OBJC_BRIDGING_HEADER = "LCCopybook/LCCopybook-Bridging-Header.h";
				SWIFT_VERSION = 4.0;
				TARGETED_DEVICE_FAMILY = "1,2";
			};
			name = Release;
		};
		4A634DF52011FC2F004AE442 /* Debug */ = {
			isa = XCBuildConfiguration;
			buildSettings = {
				ALWAYS_EMBED_SWIFT_STANDARD_LIBRARIES = YES;
				BUNDLE_LOADER = "$(TEST_HOST)";
				CODE_SIGN_STYLE = Automatic;
				INFOPLIST_FILE = LCCopybookTests/Info.plist;
				LD_RUNPATH_SEARCH_PATHS = "$(inherited) @executable_path/Frameworks @loader_path/Frameworks";
				PRODUCT_BUNDLE_IDENTIFIER = com.lc.iremark.LCCopybookTests;
				PRODUCT_NAME = "$(TARGET_NAME)";
				SWIFT_VERSION = 4.0;
				TARGETED_DEVICE_FAMILY = "1,2";
				TEST_HOST = "$(BUILT_PRODUCTS_DIR)/LCCopybook.app/LCCopybook";
			};
			name = Debug;
		};
		4A634DF62011FC2F004AE442 /* Release */ = {
			isa = XCBuildConfiguration;
			buildSettings = {
				ALWAYS_EMBED_SWIFT_STANDARD_LIBRARIES = YES;
				BUNDLE_LOADER = "$(TEST_HOST)";
				CODE_SIGN_STYLE = Automatic;
				INFOPLIST_FILE = LCCopybookTests/Info.plist;
				LD_RUNPATH_SEARCH_PATHS = "$(inherited) @executable_path/Frameworks @loader_path/Frameworks";
				PRODUCT_BUNDLE_IDENTIFIER = com.lc.iremark.LCCopybookTests;
				PRODUCT_NAME = "$(TARGET_NAME)";
				SWIFT_VERSION = 4.0;
				TARGETED_DEVICE_FAMILY = "1,2";
				TEST_HOST = "$(BUILT_PRODUCTS_DIR)/LCCopybook.app/LCCopybook";
			};
			name = Release;
		};
		4A634DF82011FC2F004AE442 /* Debug */ = {
			isa = XCBuildConfiguration;
			buildSettings = {
				ALWAYS_EMBED_SWIFT_STANDARD_LIBRARIES = YES;
				CODE_SIGN_STYLE = Automatic;
				INFOPLIST_FILE = LCCopybookUITests/Info.plist;
				LD_RUNPATH_SEARCH_PATHS = "$(inherited) @executable_path/Frameworks @loader_path/Frameworks";
				PRODUCT_BUNDLE_IDENTIFIER = com.lc.iremark.LCCopybookUITests;
				PRODUCT_NAME = "$(TARGET_NAME)";
				SWIFT_VERSION = 4.0;
				TARGETED_DEVICE_FAMILY = "1,2";
				TEST_TARGET_NAME = LCCopybook;
			};
			name = Debug;
		};
		4A634DF92011FC2F004AE442 /* Release */ = {
			isa = XCBuildConfiguration;
			buildSettings = {
				ALWAYS_EMBED_SWIFT_STANDARD_LIBRARIES = YES;
				CODE_SIGN_STYLE = Automatic;
				INFOPLIST_FILE = LCCopybookUITests/Info.plist;
				LD_RUNPATH_SEARCH_PATHS = "$(inherited) @executable_path/Frameworks @loader_path/Frameworks";
				PRODUCT_BUNDLE_IDENTIFIER = com.lc.iremark.LCCopybookUITests;
				PRODUCT_NAME = "$(TARGET_NAME)";
				SWIFT_VERSION = 4.0;
				TARGETED_DEVICE_FAMILY = "1,2";
				TEST_TARGET_NAME = LCCopybook;
			};
			name = Release;
		};
/* End XCBuildConfiguration section */

/* Begin XCConfigurationList section */
		4A634DC42011FC2F004AE442 /* Build configuration list for PBXProject "LCCopybook" */ = {
			isa = XCConfigurationList;
			buildConfigurations = (
				4A634DEF2011FC2F004AE442 /* Debug */,
				4A634DF02011FC2F004AE442 /* Release */,
			);
			defaultConfigurationIsVisible = 0;
			defaultConfigurationName = Release;
		};
		4A634DF12011FC2F004AE442 /* Build configuration list for PBXNativeTarget "LCCopybook" */ = {
			isa = XCConfigurationList;
			buildConfigurations = (
				4A634DF22011FC2F004AE442 /* Debug */,
				4A634DF32011FC2F004AE442 /* Release */,
			);
			defaultConfigurationIsVisible = 0;
			defaultConfigurationName = Release;
		};
		4A634DF42011FC2F004AE442 /* Build configuration list for PBXNativeTarget "LCCopybookTests" */ = {
			isa = XCConfigurationList;
			buildConfigurations = (
				4A634DF52011FC2F004AE442 /* Debug */,
				4A634DF62011FC2F004AE442 /* Release */,
			);
			defaultConfigurationIsVisible = 0;
			defaultConfigurationName = Release;
		};
		4A634DF72011FC2F004AE442 /* Build configuration list for PBXNativeTarget "LCCopybookUITests" */ = {
			isa = XCConfigurationList;
			buildConfigurations = (
				4A634DF82011FC2F004AE442 /* Debug */,
				4A634DF92011FC2F004AE442 /* Release */,
			);
			defaultConfigurationIsVisible = 0;
			defaultConfigurationName = Release;
		};
/* End XCConfigurationList section */
	};
	rootObject = 4A634DC12011FC2F004AE442 /* Project object */;
}
